// !$*UTF8*$!
{
	archiveVersion = 1;
	classes = {
	};
	objectVersion = 51;
	objects = {

/* Begin PBXBuildFile section */
		7D4CA59D24D3E269006F5A26 /* NetworkManager.swift in Sources */ = {isa = PBXBuildFile; fileRef = 7D4CA59C24D3E269006F5A26 /* NetworkManager.swift */; };
		7D6CE6452509EE7A00FBEFC1 /* ForgotControl.swift in Sources */ = {isa = PBXBuildFile; fileRef = 7D6CE6442509EE7A00FBEFC1 /* ForgotControl.swift */; };
		7D6CE659250A07D100FBEFC1 /* Raleway-Regular.ttf in Resources */ = {isa = PBXBuildFile; fileRef = 7D6CE6542509FF6600FBEFC1 /* Raleway-Regular.ttf */; };
		7D6CE65A250A07DC00FBEFC1 /* Raleway-SemiBold.ttf in Resources */ = {isa = PBXBuildFile; fileRef = 7D6CE6572509FF6600FBEFC1 /* Raleway-SemiBold.ttf */; };
		7D6CF50924BEC96A00B7D716 /* AppDelegate.swift in Sources */ = {isa = PBXBuildFile; fileRef = 7D6CF50824BEC96A00B7D716 /* AppDelegate.swift */; };
		7D6CF50B24BEC96A00B7D716 /* SceneDelegate.swift in Sources */ = {isa = PBXBuildFile; fileRef = 7D6CF50A24BEC96A00B7D716 /* SceneDelegate.swift */; };
		7D6CF50D24BEC96A00B7D716 /* ViewController.swift in Sources */ = {isa = PBXBuildFile; fileRef = 7D6CF50C24BEC96A00B7D716 /* ViewController.swift */; };
		7D6CF51224BEC96B00B7D716 /* Assets.xcassets in Resources */ = {isa = PBXBuildFile; fileRef = 7D6CF51124BEC96B00B7D716 /* Assets.xcassets */; };
		7D6CF51524BEC96B00B7D716 /* LaunchScreen.storyboard in Resources */ = {isa = PBXBuildFile; fileRef = 7D6CF51324BEC96B00B7D716 /* LaunchScreen.storyboard */; };
		7D6CF52024BECA5200B7D716 /* SplashScreen.swift in Sources */ = {isa = PBXBuildFile; fileRef = 7D6CF51D24BECA5200B7D716 /* SplashScreen.swift */; };
		7D6CF52124BECA5200B7D716 /* TouchID.swift in Sources */ = {isa = PBXBuildFile; fileRef = 7D6CF51E24BECA5200B7D716 /* TouchID.swift */; };
		7D6CF52224BECA5200B7D716 /* UserStore.swift in Sources */ = {isa = PBXBuildFile; fileRef = 7D6CF51F24BECA5200B7D716 /* UserStore.swift */; };
		7D6CF52424BECA8900B7D716 /* Main.storyboard in Resources */ = {isa = PBXBuildFile; fileRef = 7D6CF52324BECA8900B7D716 /* Main.storyboard */; };
		7D6CF52624BECAE100B7D716 /* WebViewControl.swift in Sources */ = {isa = PBXBuildFile; fileRef = 7D6CF52524BECAE100B7D716 /* WebViewControl.swift */; };
		8A671966E3AA3E01C3148DC2 /* Pods_EPRINE_FAVICON.framework in Frameworks */ = {isa = PBXBuildFile; fileRef = 6BD2ECB71CA260FC1F70EE98 /* Pods_EPRINE_FAVICON.framework */; };
		8C86F39D25949F9F00C11982 /* UserList.swift in Sources */ = {isa = PBXBuildFile; fileRef = 8C86F39C25949F9F00C11982 /* UserList.swift */; };
		8C86F3A02594B46C00C11982 /* UserListTableViewCell.swift in Sources */ = {isa = PBXBuildFile; fileRef = 8C86F39F2594B46C00C11982 /* UserListTableViewCell.swift */; };
/* End PBXBuildFile section */

/* Begin PBXFileReference section */
		03EFE152DF06AFB97D157DA6 /* Pods-EPRINE_FAVICON.release.xcconfig */ = {isa = PBXFileReference; includeInIndex = 1; lastKnownFileType = text.xcconfig; name = "Pods-EPRINE_FAVICON.release.xcconfig"; path = "Target Support Files/Pods-EPRINE_FAVICON/Pods-EPRINE_FAVICON.release.xcconfig"; sourceTree = "<group>"; };
		6BD2ECB71CA260FC1F70EE98 /* Pods_EPRINE_FAVICON.framework */ = {isa = PBXFileReference; explicitFileType = wrapper.framework; includeInIndex = 0; path = Pods_EPRINE_FAVICON.framework; sourceTree = BUILT_PRODUCTS_DIR; };
		7D4CA59C24D3E269006F5A26 /* NetworkManager.swift */ = {isa = PBXFileReference; lastKnownFileType = sourcecode.swift; path = NetworkManager.swift; sourceTree = "<group>"; };
		7D6CE6442509EE7A00FBEFC1 /* ForgotControl.swift */ = {isa = PBXFileReference; lastKnownFileType = sourcecode.swift; path = ForgotControl.swift; sourceTree = "<group>"; };
		7D6CE6472509FF6400FBEFC1 /* Raleway-Light.ttf */ = {isa = PBXFileReference; lastKnownFileType = file; path = "Raleway-Light.ttf"; sourceTree = "<group>"; };
		7D6CE6482509FF6400FBEFC1 /* Raleway-BoldItalic.ttf */ = {isa = PBXFileReference; lastKnownFileType = file; path = "Raleway-BoldItalic.ttf"; sourceTree = "<group>"; };
		7D6CE6492509FF6500FBEFC1 /* Raleway-SemiBoldItalic.ttf */ = {isa = PBXFileReference; lastKnownFileType = file; path = "Raleway-SemiBoldItalic.ttf"; sourceTree = "<group>"; };
		7D6CE64A2509FF6500FBEFC1 /* Raleway-ExtraLightItalic.ttf */ = {isa = PBXFileReference; lastKnownFileType = file; path = "Raleway-ExtraLightItalic.ttf"; sourceTree = "<group>"; };
		7D6CE64B2509FF6500FBEFC1 /* Raleway-Black.ttf */ = {isa = PBXFileReference; lastKnownFileType = file; path = "Raleway-Black.ttf"; sourceTree = "<group>"; };
		7D6CE64C2509FF6500FBEFC1 /* Raleway-ExtraLight.ttf */ = {isa = PBXFileReference; lastKnownFileType = file; path = "Raleway-ExtraLight.ttf"; sourceTree = "<group>"; };
		7D6CE64D2509FF6500FBEFC1 /* Raleway-ThinItalic.ttf */ = {isa = PBXFileReference; lastKnownFileType = file; path = "Raleway-ThinItalic.ttf"; sourceTree = "<group>"; };
		7D6CE64E2509FF6500FBEFC1 /* Raleway-Medium.ttf */ = {isa = PBXFileReference; lastKnownFileType = file; path = "Raleway-Medium.ttf"; sourceTree = "<group>"; };
		7D6CE64F2509FF6500FBEFC1 /* Raleway-Italic.ttf */ = {isa = PBXFileReference; lastKnownFileType = file; path = "Raleway-Italic.ttf"; sourceTree = "<group>"; };
		7D6CE6502509FF6500FBEFC1 /* Raleway-Bold.ttf */ = {isa = PBXFileReference; lastKnownFileType = file; path = "Raleway-Bold.ttf"; sourceTree = "<group>"; };
		7D6CE6512509FF6500FBEFC1 /* Raleway-LightItalic.ttf */ = {isa = PBXFileReference; lastKnownFileType = file; path = "Raleway-LightItalic.ttf"; sourceTree = "<group>"; };
		7D6CE6522509FF6500FBEFC1 /* Raleway-ExtraBold.ttf */ = {isa = PBXFileReference; lastKnownFileType = file; path = "Raleway-ExtraBold.ttf"; sourceTree = "<group>"; };
		7D6CE6532509FF6500FBEFC1 /* Raleway-BlackItalic.ttf */ = {isa = PBXFileReference; lastKnownFileType = file; path = "Raleway-BlackItalic.ttf"; sourceTree = "<group>"; };
		7D6CE6542509FF6600FBEFC1 /* Raleway-Regular.ttf */ = {isa = PBXFileReference; lastKnownFileType = file; path = "Raleway-Regular.ttf"; sourceTree = "<group>"; };
		7D6CE6552509FF6600FBEFC1 /* Raleway-Thin.ttf */ = {isa = PBXFileReference; lastKnownFileType = file; path = "Raleway-Thin.ttf"; sourceTree = "<group>"; };
		7D6CE6562509FF6600FBEFC1 /* Raleway-ExtraBoldItalic.ttf */ = {isa = PBXFileReference; lastKnownFileType = file; path = "Raleway-ExtraBoldItalic.ttf"; sourceTree = "<group>"; };
		7D6CE6572509FF6600FBEFC1 /* Raleway-SemiBold.ttf */ = {isa = PBXFileReference; lastKnownFileType = file; path = "Raleway-SemiBold.ttf"; sourceTree = "<group>"; };
		7D6CE6582509FF6600FBEFC1 /* Raleway-MediumItalic.ttf */ = {isa = PBXFileReference; lastKnownFileType = file; path = "Raleway-MediumItalic.ttf"; sourceTree = "<group>"; };
		7D6CF50524BEC96A00B7D716 /* EPRINE.app */ = {isa = PBXFileReference; explicitFileType = wrapper.application; includeInIndex = 0; path = EPRINE.app; sourceTree = BUILT_PRODUCTS_DIR; };
		7D6CF50824BEC96A00B7D716 /* AppDelegate.swift */ = {isa = PBXFileReference; lastKnownFileType = sourcecode.swift; path = AppDelegate.swift; sourceTree = "<group>"; };
		7D6CF50A24BEC96A00B7D716 /* SceneDelegate.swift */ = {isa = PBXFileReference; lastKnownFileType = sourcecode.swift; path = SceneDelegate.swift; sourceTree = "<group>"; };
		7D6CF50C24BEC96A00B7D716 /* ViewController.swift */ = {isa = PBXFileReference; lastKnownFileType = sourcecode.swift; path = ViewController.swift; sourceTree = "<group>"; };
		7D6CF51124BEC96B00B7D716 /* Assets.xcassets */ = {isa = PBXFileReference; lastKnownFileType = folder.assetcatalog; path = Assets.xcassets; sourceTree = "<group>"; };
		7D6CF51424BEC96B00B7D716 /* Base */ = {isa = PBXFileReference; lastKnownFileType = file.storyboard; name = Base; path = Base.lproj/LaunchScreen.storyboard; sourceTree = "<group>"; };
		7D6CF51624BEC96B00B7D716 /* Info.plist */ = {isa = PBXFileReference; lastKnownFileType = text.plist.xml; path = Info.plist; sourceTree = "<group>"; };
		7D6CF51D24BECA5200B7D716 /* SplashScreen.swift */ = {isa = PBXFileReference; fileEncoding = 4; lastKnownFileType = sourcecode.swift; path = SplashScreen.swift; sourceTree = "<group>"; };
		7D6CF51E24BECA5200B7D716 /* TouchID.swift */ = {isa = PBXFileReference; fileEncoding = 4; lastKnownFileType = sourcecode.swift; path = TouchID.swift; sourceTree = "<group>"; };
		7D6CF51F24BECA5200B7D716 /* UserStore.swift */ = {isa = PBXFileReference; fileEncoding = 4; lastKnownFileType = sourcecode.swift; path = UserStore.swift; sourceTree = "<group>"; };
		7D6CF52324BECA8900B7D716 /* Main.storyboard */ = {isa = PBXFileReference; fileEncoding = 4; lastKnownFileType = file.storyboard; path = Main.storyboard; sourceTree = "<group>"; };
		7D6CF52524BECAE100B7D716 /* WebViewControl.swift */ = {isa = PBXFileReference; fileEncoding = 4; lastKnownFileType = sourcecode.swift; path = WebViewControl.swift; sourceTree = "<group>"; };
		8C86F39C25949F9F00C11982 /* UserList.swift */ = {isa = PBXFileReference; lastKnownFileType = sourcecode.swift; path = UserList.swift; sourceTree = "<group>"; };
		8C86F39F2594B46C00C11982 /* UserListTableViewCell.swift */ = {isa = PBXFileReference; lastKnownFileType = sourcecode.swift; path = UserListTableViewCell.swift; sourceTree = "<group>"; };
		8D9B7FBBF1EFF3E1BE251C39 /* Pods-EPRINE_FAVICON.debug.xcconfig */ = {isa = PBXFileReference; includeInIndex = 1; lastKnownFileType = text.xcconfig; name = "Pods-EPRINE_FAVICON.debug.xcconfig"; path = "Target Support Files/Pods-EPRINE_FAVICON/Pods-EPRINE_FAVICON.debug.xcconfig"; sourceTree = "<group>"; };
/* End PBXFileReference section */

/* Begin PBXFrameworksBuildPhase section */
		7D6CF50224BEC96A00B7D716 /* Frameworks */ = {
			isa = PBXFrameworksBuildPhase;
			buildActionMask = 2147483647;
			files = (
				8A671966E3AA3E01C3148DC2 /* Pods_EPRINE_FAVICON.framework in Frameworks */,
			);
			runOnlyForDeploymentPostprocessing = 0;
		};
/* End PBXFrameworksBuildPhase section */

/* Begin PBXGroup section */
		7D6CE6462509FF4100FBEFC1 /* Font */ = {
			isa = PBXGroup;
			children = (
				7D6CE64B2509FF6500FBEFC1 /* Raleway-Black.ttf */,
				7D6CE6532509FF6500FBEFC1 /* Raleway-BlackItalic.ttf */,
				7D6CE6502509FF6500FBEFC1 /* Raleway-Bold.ttf */,
				7D6CE6482509FF6400FBEFC1 /* Raleway-BoldItalic.ttf */,
				7D6CE6522509FF6500FBEFC1 /* Raleway-ExtraBold.ttf */,
				7D6CE6562509FF6600FBEFC1 /* Raleway-ExtraBoldItalic.ttf */,
				7D6CE64C2509FF6500FBEFC1 /* Raleway-ExtraLight.ttf */,
				7D6CE64A2509FF6500FBEFC1 /* Raleway-ExtraLightItalic.ttf */,
				7D6CE64F2509FF6500FBEFC1 /* Raleway-Italic.ttf */,
				7D6CE6472509FF6400FBEFC1 /* Raleway-Light.ttf */,
				7D6CE6512509FF6500FBEFC1 /* Raleway-LightItalic.ttf */,
				7D6CE64E2509FF6500FBEFC1 /* Raleway-Medium.ttf */,
				7D6CE6582509FF6600FBEFC1 /* Raleway-MediumItalic.ttf */,
				7D6CE6542509FF6600FBEFC1 /* Raleway-Regular.ttf */,
				7D6CE6572509FF6600FBEFC1 /* Raleway-SemiBold.ttf */,
				7D6CE6492509FF6500FBEFC1 /* Raleway-SemiBoldItalic.ttf */,
				7D6CE6552509FF6600FBEFC1 /* Raleway-Thin.ttf */,
				7D6CE64D2509FF6500FBEFC1 /* Raleway-ThinItalic.ttf */,
			);
			path = Font;
			sourceTree = "<group>";
		};
		7D6CF4FC24BEC96A00B7D716 = {
			isa = PBXGroup;
			children = (
				7D6CF50724BEC96A00B7D716 /* EPRINE_FAVICON */,
				7D6CF50624BEC96A00B7D716 /* Products */,
				7D6CE6462509FF4100FBEFC1 /* Font */,
				ECE126A39E58897DA568FB20 /* Pods */,
				F095BE26B00E854206A7F0D4 /* Frameworks */,
			);
			sourceTree = "<group>";
		};
		7D6CF50624BEC96A00B7D716 /* Products */ = {
			isa = PBXGroup;
			children = (
				7D6CF50524BEC96A00B7D716 /* EPRINE.app */,
			);
			name = Products;
			sourceTree = "<group>";
		};
		7D6CF50724BEC96A00B7D716 /* EPRINE_FAVICON */ = {
			isa = PBXGroup;
			children = (
				7D6CF51C24BECA4800B7D716 /* Auth */,
				7D6CF50824BEC96A00B7D716 /* AppDelegate.swift */,
				7D6CF50A24BEC96A00B7D716 /* SceneDelegate.swift */,
				7D6CF50C24BEC96A00B7D716 /* ViewController.swift */,
				8C86F39F2594B46C00C11982 /* UserListTableViewCell.swift */,
				8C86F39C25949F9F00C11982 /* UserList.swift */,
				7D6CE6442509EE7A00FBEFC1 /* ForgotControl.swift */,
				7D6CF52524BECAE100B7D716 /* WebViewControl.swift */,
				7D6CF52324BECA8900B7D716 /* Main.storyboard */,
				7D6CF51124BEC96B00B7D716 /* Assets.xcassets */,
				7D6CF51324BEC96B00B7D716 /* LaunchScreen.storyboard */,
				7D6CF51624BEC96B00B7D716 /* Info.plist */,
			);
			path = EPRINE_FAVICON;
			sourceTree = "<group>";
		};
		7D6CF51C24BECA4800B7D716 /* Auth */ = {
			isa = PBXGroup;
			children = (
				7D6CF51D24BECA5200B7D716 /* SplashScreen.swift */,
				7D6CF51E24BECA5200B7D716 /* TouchID.swift */,
				7D6CF51F24BECA5200B7D716 /* UserStore.swift */,
				7D4CA59C24D3E269006F5A26 /* NetworkManager.swift */,
			);
			path = Auth;
			sourceTree = "<group>";
		};
		ECE126A39E58897DA568FB20 /* Pods */ = {
			isa = PBXGroup;
			children = (
				8D9B7FBBF1EFF3E1BE251C39 /* Pods-EPRINE_FAVICON.debug.xcconfig */,
				03EFE152DF06AFB97D157DA6 /* Pods-EPRINE_FAVICON.release.xcconfig */,
			);
			path = Pods;
			sourceTree = "<group>";
		};
		F095BE26B00E854206A7F0D4 /* Frameworks */ = {
			isa = PBXGroup;
			children = (
				6BD2ECB71CA260FC1F70EE98 /* Pods_EPRINE_FAVICON.framework */,
			);
			name = Frameworks;
			sourceTree = "<group>";
		};
/* End PBXGroup section */

/* Begin PBXNativeTarget section */
		7D6CF50424BEC96A00B7D716 /* EPRINE_FAVICON */ = {
			isa = PBXNativeTarget;
			buildConfigurationList = 7D6CF51924BEC96B00B7D716 /* Build configuration list for PBXNativeTarget "EPRINE_FAVICON" */;
			buildPhases = (
				D637495A85C4802CA0ECA2A6 /* [CP] Check Pods Manifest.lock */,
				7D6CF50124BEC96A00B7D716 /* Sources */,
				7D6CF50224BEC96A00B7D716 /* Frameworks */,
				7D6CF50324BEC96A00B7D716 /* Resources */,
				BE0404545E34FB0A55982DCB /* [CP] Embed Pods Frameworks */,
			);
			buildRules = (
			);
			dependencies = (
			);
			name = EPRINE_FAVICON;
			productName = EPRINE_FAVICON;
			productReference = 7D6CF50524BEC96A00B7D716 /* EPRINE.app */;
			productType = "com.apple.product-type.application";
		};
/* End PBXNativeTarget section */

/* Begin PBXProject section */
		7D6CF4FD24BEC96A00B7D716 /* Project object */ = {
			isa = PBXProject;
			attributes = {
				LastSwiftUpdateCheck = 1130;
				LastUpgradeCheck = 1130;
				ORGANIZATIONNAME = Mobile;
				TargetAttributes = {
					7D6CF50424BEC96A00B7D716 = {
						CreatedOnToolsVersion = 11.3.1;
					};
				};
			};
			buildConfigurationList = 7D6CF50024BEC96A00B7D716 /* Build configuration list for PBXProject "EPRINE_FAVICON" */;
			compatibilityVersion = "Xcode 9.3";
			developmentRegion = en;
			hasScannedForEncodings = 0;
			knownRegions = (
				en,
				Base,
			);
			mainGroup = 7D6CF4FC24BEC96A00B7D716;
			productRefGroup = 7D6CF50624BEC96A00B7D716 /* Products */;
			projectDirPath = "";
			projectRoot = "";
			targets = (
				7D6CF50424BEC96A00B7D716 /* EPRINE_FAVICON */,
			);
		};
/* End PBXProject section */

/* Begin PBXResourcesBuildPhase section */
		7D6CF50324BEC96A00B7D716 /* Resources */ = {
			isa = PBXResourcesBuildPhase;
			buildActionMask = 2147483647;
			files = (
				7D6CF52424BECA8900B7D716 /* Main.storyboard in Resources */,
				7D6CF51524BEC96B00B7D716 /* LaunchScreen.storyboard in Resources */,
				7D6CF51224BEC96B00B7D716 /* Assets.xcassets in Resources */,
				7D6CE659250A07D100FBEFC1 /* Raleway-Regular.ttf in Resources */,
				7D6CE65A250A07DC00FBEFC1 /* Raleway-SemiBold.ttf in Resources */,
			);
			runOnlyForDeploymentPostprocessing = 0;
		};
/* End PBXResourcesBuildPhase section */

/* Begin PBXShellScriptBuildPhase section */
		BE0404545E34FB0A55982DCB /* [CP] Embed Pods Frameworks */ = {
			isa = PBXShellScriptBuildPhase;
			buildActionMask = 2147483647;
			files = (
			);
			inputFileListPaths = (
				"${PODS_ROOT}/Target Support Files/Pods-EPRINE_FAVICON/Pods-EPRINE_FAVICON-frameworks-${CONFIGURATION}-input-files.xcfilelist",
			);
			name = "[CP] Embed Pods Frameworks";
			outputFileListPaths = (
				"${PODS_ROOT}/Target Support Files/Pods-EPRINE_FAVICON/Pods-EPRINE_FAVICON-frameworks-${CONFIGURATION}-output-files.xcfilelist",
			);
			runOnlyForDeploymentPostprocessing = 0;
			shellPath = /bin/sh;
			shellScript = "\"${PODS_ROOT}/Target Support Files/Pods-EPRINE_FAVICON/Pods-EPRINE_FAVICON-frameworks.sh\"\n";
			showEnvVarsInLog = 0;
		};
		D637495A85C4802CA0ECA2A6 /* [CP] Check Pods Manifest.lock */ = {
			isa = PBXShellScriptBuildPhase;
			buildActionMask = 2147483647;
			files = (
			);
			inputFileListPaths = (
			);
			inputPaths = (
				"${PODS_PODFILE_DIR_PATH}/Podfile.lock",
				"${PODS_ROOT}/Manifest.lock",
			);
			name = "[CP] Check Pods Manifest.lock";
			outputFileListPaths = (
			);
			outputPaths = (
				"$(DERIVED_FILE_DIR)/Pods-EPRINE_FAVICON-checkManifestLockResult.txt",
			);
			runOnlyForDeploymentPostprocessing = 0;
			shellPath = /bin/sh;
			shellScript = "diff \"${PODS_PODFILE_DIR_PATH}/Podfile.lock\" \"${PODS_ROOT}/Manifest.lock\" > /dev/null\nif [ $? != 0 ] ; then\n    # print error to STDERR\n    echo \"error: The sandbox is not in sync with the Podfile.lock. Run 'pod install' or update your CocoaPods installation.\" >&2\n    exit 1\nfi\n# This output is used by Xcode 'outputs' to avoid re-running this script phase.\necho \"SUCCESS\" > \"${SCRIPT_OUTPUT_FILE_0}\"\n";
			showEnvVarsInLog = 0;
		};
/* End PBXShellScriptBuildPhase section */

/* Begin PBXSourcesBuildPhase section */
		7D6CF50124BEC96A00B7D716 /* Sources */ = {
			isa = PBXSourcesBuildPhase;
			buildActionMask = 2147483647;
			files = (
				8C86F39D25949F9F00C11982 /* UserList.swift in Sources */,
				7D6CF52224BECA5200B7D716 /* UserStore.swift in Sources */,
				7D6CF52124BECA5200B7D716 /* TouchID.swift in Sources */,
				8C86F3A02594B46C00C11982 /* UserListTableViewCell.swift in Sources */,
				7D6CF52024BECA5200B7D716 /* SplashScreen.swift in Sources */,
				7D6CF52624BECAE100B7D716 /* WebViewControl.swift in Sources */,
				7D4CA59D24D3E269006F5A26 /* NetworkManager.swift in Sources */,
				7D6CF50D24BEC96A00B7D716 /* ViewController.swift in Sources */,
				7D6CF50924BEC96A00B7D716 /* AppDelegate.swift in Sources */,
				7D6CF50B24BEC96A00B7D716 /* SceneDelegate.swift in Sources */,
				7D6CE6452509EE7A00FBEFC1 /* ForgotControl.swift in Sources */,
			);
			runOnlyForDeploymentPostprocessing = 0;
		};
/* End PBXSourcesBuildPhase section */

/* Begin PBXVariantGroup section */
		7D6CF51324BEC96B00B7D716 /* LaunchScreen.storyboard */ = {
			isa = PBXVariantGroup;
			children = (
				7D6CF51424BEC96B00B7D716 /* Base */,
			);
			name = LaunchScreen.storyboard;
			sourceTree = "<group>";
		};
/* End PBXVariantGroup section */

/* Begin XCBuildConfiguration section */
		7D6CF51724BEC96B00B7D716 /* Debug */ = {
			isa = XCBuildConfiguration;
			buildSettings = {
				ALWAYS_SEARCH_USER_PATHS = NO;
				CLANG_ANALYZER_NONNULL = YES;
				CLANG_ANALYZER_NUMBER_OBJECT_CONVERSION = YES_AGGRESSIVE;
				CLANG_CXX_LANGUAGE_STANDARD = "gnu++14";
				CLANG_CXX_LIBRARY = "libc++";
				CLANG_ENABLE_MODULES = YES;
				CLANG_ENABLE_OBJC_ARC = YES;
				CLANG_ENABLE_OBJC_WEAK = YES;
				CLANG_WARN_BLOCK_CAPTURE_AUTORELEASING = YES;
				CLANG_WARN_BOOL_CONVERSION = YES;
				CLANG_WARN_COMMA = YES;
				CLANG_WARN_CONSTANT_CONVERSION = YES;
				CLANG_WARN_DEPRECATED_OBJC_IMPLEMENTATIONS = YES;
				CLANG_WARN_DIRECT_OBJC_ISA_USAGE = YES_ERROR;
				CLANG_WARN_DOCUMENTATION_COMMENTS = YES;
				CLANG_WARN_EMPTY_BODY = YES;
				CLANG_WARN_ENUM_CONVERSION = YES;
				CLANG_WARN_INFINITE_RECURSION = YES;
				CLANG_WARN_INT_CONVERSION = YES;
				CLANG_WARN_NON_LITERAL_NULL_CONVERSION = YES;
				CLANG_WARN_OBJC_IMPLICIT_RETAIN_SELF = YES;
				CLANG_WARN_OBJC_LITERAL_CONVERSION = YES;
				CLANG_WARN_OBJC_ROOT_CLASS = YES_ERROR;
				CLANG_WARN_RANGE_LOOP_ANALYSIS = YES;
				CLANG_WARN_STRICT_PROTOTYPES = YES;
				CLANG_WARN_SUSPICIOUS_MOVE = YES;
				CLANG_WARN_UNGUARDED_AVAILABILITY = YES_AGGRESSIVE;
				CLANG_WARN_UNREACHABLE_CODE = YES;
				CLANG_WARN__DUPLICATE_METHOD_MATCH = YES;
				COPY_PHASE_STRIP = NO;
				DEBUG_INFORMATION_FORMAT = dwarf;
				ENABLE_STRICT_OBJC_MSGSEND = YES;
				ENABLE_TESTABILITY = YES;
				GCC_C_LANGUAGE_STANDARD = gnu11;
				GCC_DYNAMIC_NO_PIC = NO;
				GCC_NO_COMMON_BLOCKS = YES;
				GCC_OPTIMIZATION_LEVEL = 0;
				GCC_PREPROCESSOR_DEFINITIONS = (
					"DEBUG=1",
					"$(inherited)",
				);
				GCC_WARN_64_TO_32_BIT_CONVERSION = YES;
				GCC_WARN_ABOUT_RETURN_TYPE = YES_ERROR;
				GCC_WARN_UNDECLARED_SELECTOR = YES;
				GCC_WARN_UNINITIALIZED_AUTOS = YES_AGGRESSIVE;
				GCC_WARN_UNUSED_FUNCTION = YES;
				GCC_WARN_UNUSED_VARIABLE = YES;
				IPHONEOS_DEPLOYMENT_TARGET = 13.2;
				MTL_ENABLE_DEBUG_INFO = INCLUDE_SOURCE;
				MTL_FAST_MATH = YES;
				ONLY_ACTIVE_ARCH = YES;
				SDKROOT = iphoneos;
				SWIFT_ACTIVE_COMPILATION_CONDITIONS = DEBUG;
				SWIFT_OPTIMIZATION_LEVEL = "-Onone";
			};
			name = Debug;
		};
		7D6CF51824BEC96B00B7D716 /* Release */ = {
			isa = XCBuildConfiguration;
			buildSettings = {
				ALWAYS_SEARCH_USER_PATHS = NO;
				CLANG_ANALYZER_NONNULL = YES;
				CLANG_ANALYZER_NUMBER_OBJECT_CONVERSION = YES_AGGRESSIVE;
				CLANG_CXX_LANGUAGE_STANDARD = "gnu++14";
				CLANG_CXX_LIBRARY = "libc++";
				CLANG_ENABLE_MODULES = YES;
				CLANG_ENABLE_OBJC_ARC = YES;
				CLANG_ENABLE_OBJC_WEAK = YES;
				CLANG_WARN_BLOCK_CAPTURE_AUTORELEASING = YES;
				CLANG_WARN_BOOL_CONVERSION = YES;
				CLANG_WARN_COMMA = YES;
				CLANG_WARN_CONSTANT_CONVERSION = YES;
				CLANG_WARN_DEPRECATED_OBJC_IMPLEMENTATIONS = YES;
				CLANG_WARN_DIRECT_OBJC_ISA_USAGE = YES_ERROR;
				CLANG_WARN_DOCUMENTATION_COMMENTS = YES;
				CLANG_WARN_EMPTY_BODY = YES;
				CLANG_WARN_ENUM_CONVERSION = YES;
				CLANG_WARN_INFINITE_RECURSION = YES;
				CLANG_WARN_INT_CONVERSION = YES;
				CLANG_WARN_NON_LITERAL_NULL_CONVERSION = YES;
				CLANG_WARN_OBJC_IMPLICIT_RETAIN_SELF = YES;
				CLANG_WARN_OBJC_LITERAL_CONVERSION = YES;
				CLANG_WARN_OBJC_ROOT_CLASS = YES_ERROR;
				CLANG_WARN_RANGE_LOOP_ANALYSIS = YES;
				CLANG_WARN_STRICT_PROTOTYPES = YES;
				CLANG_WARN_SUSPICIOUS_MOVE = YES;
				CLANG_WARN_UNGUARDED_AVAILABILITY = YES_AGGRESSIVE;
				CLANG_WARN_UNREACHABLE_CODE = YES;
				CLANG_WARN__DUPLICATE_METHOD_MATCH = YES;
				COPY_PHASE_STRIP = NO;
				DEBUG_INFORMATION_FORMAT = "dwarf-with-dsym";
				ENABLE_NS_ASSERTIONS = NO;
				ENABLE_STRICT_OBJC_MSGSEND = YES;
				GCC_C_LANGUAGE_STANDARD = gnu11;
				GCC_NO_COMMON_BLOCKS = YES;
				GCC_WARN_64_TO_32_BIT_CONVERSION = YES;
				GCC_WARN_ABOUT_RETURN_TYPE = YES_ERROR;
				GCC_WARN_UNDECLARED_SELECTOR = YES;
				GCC_WARN_UNINITIALIZED_AUTOS = YES_AGGRESSIVE;
				GCC_WARN_UNUSED_FUNCTION = YES;
				GCC_WARN_UNUSED_VARIABLE = YES;
				IPHONEOS_DEPLOYMENT_TARGET = 13.2;
				MTL_ENABLE_DEBUG_INFO = NO;
				MTL_FAST_MATH = YES;
				SDKROOT = iphoneos;
				SWIFT_COMPILATION_MODE = wholemodule;
				SWIFT_OPTIMIZATION_LEVEL = "-O";
				VALIDATE_PRODUCT = YES;
			};
			name = Release;
		};
		7D6CF51A24BEC96B00B7D716 /* Debug */ = {
			isa = XCBuildConfiguration;
			baseConfigurationReference = 8D9B7FBBF1EFF3E1BE251C39 /* Pods-EPRINE_FAVICON.debug.xcconfig */;
			buildSettings = {
				ASSETCATALOG_COMPILER_APPICON_NAME = AppIcon;
				CODE_SIGN_STYLE = Automatic;
				CURRENT_PROJECT_VERSION = 1;
				DEVELOPMENT_TEAM = PP625QKW62;
				INFOPLIST_FILE = EPRINE_FAVICON/Info.plist;
				IPHONEOS_DEPLOYMENT_TARGET = 12.0;
				LD_RUNPATH_SEARCH_PATHS = (
					"$(inherited)",
					"@executable_path/Frameworks",
				);
				MARKETING_VERSION = 1.7;
				PRODUCT_BUNDLE_IDENTIFIER = "com.Eprine-favicon";
				PRODUCT_NAME = EPRINE;
				SWIFT_VERSION = 5.0;
				TARGETED_DEVICE_FAMILY = "1,2";
			};
			name = Debug;
		};
		7D6CF51B24BEC96B00B7D716 /* Release */ = {
			isa = XCBuildConfiguration;
			baseConfigurationReference = 03EFE152DF06AFB97D157DA6 /* Pods-EPRINE_FAVICON.release.xcconfig */;
			buildSettings = {
				ASSETCATALOG_COMPILER_APPICON_NAME = AppIcon;
				CODE_SIGN_STYLE = Automatic;
				CURRENT_PROJECT_VERSION = 1;
				DEVELOPMENT_TEAM = PP625QKW62;
				INFOPLIST_FILE = EPRINE_FAVICON/Info.plist;
				IPHONEOS_DEPLOYMENT_TARGET = 12.0;
				LD_RUNPATH_SEARCH_PATHS = (
					"$(inherited)",
					"@executable_path/Frameworks",
				);
				MARKETING_VERSION = 1.7;
				PRODUCT_BUNDLE_IDENTIFIER = "com.Eprine-favicon";
				PRODUCT_NAME = EPRINE;
				SWIFT_VERSION = 5.0;
				TARGETED_DEVICE_FAMILY = "1,2";
			};
			name = Release;
		};
/* End XCBuildConfiguration section */

/* Begin XCConfigurationList section */
		7D6CF50024BEC96A00B7D716 /* Build configuration list for PBXProject "EPRINE_FAVICON" */ = {
			isa = XCConfigurationList;
			buildConfigurations = (
				7D6CF51724BEC96B00B7D716 /* Debug */,
				7D6CF51824BEC96B00B7D716 /* Release */,
			);
			defaultConfigurationIsVisible = 0;
			defaultConfigurationName = Release;
		};
		7D6CF51924BEC96B00B7D716 /* Build configuration list for PBXNativeTarget "EPRINE_FAVICON" */ = {
			isa = XCConfigurationList;
			buildConfigurations = (
				7D6CF51A24BEC96B00B7D716 /* Debug */,
				7D6CF51B24BEC96B00B7D716 /* Release */,
			);
			defaultConfigurationIsVisible = 0;
			defaultConfigurationName = Release;
		};
/* End XCConfigurationList section */
	};
	rootObject = 7D6CF4FD24BEC96A00B7D716 /* Project object */;
}
